{
  "object": {
    "pins": [
      {
        "package": "SASCustomAlert",
        "repositoryURL": "https://github.com/AnupSukumaran/SASCustomAlert.git",
        "state": {
          "branch": null,
          "revision": "8c5b4c629eee5df31210949320ea5c38b0e9cb4c",
          "version": "1.0.2"
        }
      },
      {
        "package": "SASIBViews",
        "repositoryURL": "https://github.com/AnupSukumaran/SASIBViews.git",
        "state": {
          "branch": "master",
          "revision": "db215d34f36d2917b913b65504c3709b7943f68f",
          "version": null
        }
      },
      {
        "package": "SASKeyboardPack",
        "repositoryURL": "https://github.com/AnupSukumaran/SASKeyboardPack.git",
        "state": {
          "branch": null,
          "revision": "a976437e243c688924ece63bb0b824b2da083495",
          "version": "1.0.3"
        }
      },
      {
        "package": "SASLogger",
        "repositoryURL": "https://github.com/AnupSukumaran/SASLogger.git",
        "state": {
          "branch": null,
          "revision": "fe9bcfc41b891e90aabf186906e01b977bed1bba",
          "version": "1.0.0"
        }
      }
    ]
  },
  "version": 1
}
