// !$*UTF8*$!
{
	archiveVersion = 1;
	classes = {
	};
	objectVersion = 55;
	objects = {

/* Begin PBXBuildFile section */
		53C142FA6C324D613C757F53 /* Pods_Stance_StanceUITests.framework in Frameworks */ = {isa = PBXBuildFile; fileRef = 177E6F92B1C0385E101B21AC /* Pods_Stance_StanceUITests.framework */; };
		A5EAD5D00FE8D5C14BF7C946 /* Pods_Stance.framework in Frameworks */ = {isa = PBXBuildFile; fileRef = BDE213A8649949A5819B9442 /* Pods_Stance.framework */; };
		C51FD17727C145DA007F4899 /* HomeViewController.swift in Sources */ = {isa = PBXBuildFile; fileRef = C51FD17627C145DA007F4899 /* HomeViewController.swift */; };
		C51FD17927C15302007F4899 /* HomeViewModel.swift in Sources */ = {isa = PBXBuildFile; fileRef = C51FD17827C15302007F4899 /* HomeViewModel.swift */; };
		C51FD17D27C1609F007F4899 /* GraphTableViewCell.swift in Sources */ = {isa = PBXBuildFile; fileRef = C51FD17C27C1609F007F4899 /* GraphTableViewCell.swift */; };
		C530D31027C8363D002FE35F /* SASCustomAlert in Frameworks */ = {isa = PBXBuildFile; productRef = C530D30F27C8363D002FE35F /* SASCustomAlert */; };
		C530D31327C83723002FE35F /* SASKeyboardPack in Frameworks */ = {isa = PBXBuildFile; productRef = C530D31227C83723002FE35F /* SASKeyboardPack */; };
		C530D31527C84004002FE35F /* RepCounterViewModel.swift in Sources */ = {isa = PBXBuildFile; fileRef = C530D31427C84004002FE35F /* RepCounterViewModel.swift */; };
		C542E8A427C0044F009B84C1 /* AppDelegate.swift in Sources */ = {isa = PBXBuildFile; fileRef = C542E8A327C0044F009B84C1 /* AppDelegate.swift */; };
		C542E8A627C0044F009B84C1 /* SceneDelegate.swift in Sources */ = {isa = PBXBuildFile; fileRef = C542E8A527C0044F009B84C1 /* SceneDelegate.swift */; };
		C542E8AB27C0044F009B84C1 /* Main.storyboard in Resources */ = {isa = PBXBuildFile; fileRef = C542E8A927C0044F009B84C1 /* Main.storyboard */; };
		C542E8AD27C00453009B84C1 /* Assets.xcassets in Resources */ = {isa = PBXBuildFile; fileRef = C542E8AC27C00453009B84C1 /* Assets.xcassets */; };
		C542E8B027C00453009B84C1 /* LaunchScreen.storyboard in Resources */ = {isa = PBXBuildFile; fileRef = C542E8AE27C00453009B84C1 /* LaunchScreen.storyboard */; };
		C542E8BB27C00454009B84C1 /* StanceTests.swift in Sources */ = {isa = PBXBuildFile; fileRef = C542E8BA27C00454009B84C1 /* StanceTests.swift */; };
		C542E8C527C00454009B84C1 /* StanceUITests.swift in Sources */ = {isa = PBXBuildFile; fileRef = C542E8C427C00454009B84C1 /* StanceUITests.swift */; };
		C542E8C727C00454009B84C1 /* StanceUITestsLaunchTests.swift in Sources */ = {isa = PBXBuildFile; fileRef = C542E8C627C00454009B84C1 /* StanceUITestsLaunchTests.swift */; };
		C55146D527C447C100DD25D5 /* HomeSectionTableViewCell.swift in Sources */ = {isa = PBXBuildFile; fileRef = C55146D427C447C100DD25D5 /* HomeSectionTableViewCell.swift */; };
		C559E8A427C31EAE004A3E01 /* UICustomView.swift in Sources */ = {isa = PBXBuildFile; fileRef = C559E8A327C31EAE004A3E01 /* UICustomView.swift */; };
		C559E8A627C329B9004A3E01 /* UICustomButton.swift in Sources */ = {isa = PBXBuildFile; fileRef = C559E8A527C329B9004A3E01 /* UICustomButton.swift */; };
		C559E8A827C3B36D004A3E01 /* WorkoutModel.swift in Sources */ = {isa = PBXBuildFile; fileRef = C559E8A727C3B36D004A3E01 /* WorkoutModel.swift */; };
		C559E8AA27C3CDAF004A3E01 /* StartWorkOutViewController.swift in Sources */ = {isa = PBXBuildFile; fileRef = C559E8A927C3CDAF004A3E01 /* StartWorkOutViewController.swift */; };
		C559E8AC27C3D8F6004A3E01 /* SectionTableViewCell.swift in Sources */ = {isa = PBXBuildFile; fileRef = C559E8AB27C3D8F6004A3E01 /* SectionTableViewCell.swift */; };
		C559E8AE27C3D916004A3E01 /* WorkOutExeTableViewCell.swift in Sources */ = {isa = PBXBuildFile; fileRef = C559E8AD27C3D916004A3E01 /* WorkOutExeTableViewCell.swift */; };
		C559E8B027C3DE69004A3E01 /* StartWorkOutViewModel.swift in Sources */ = {isa = PBXBuildFile; fileRef = C559E8AF27C3DE69004A3E01 /* StartWorkOutViewModel.swift */; };
		C582D09927C50E1200CD15F0 /* SignInViewController.swift in Sources */ = {isa = PBXBuildFile; fileRef = C582D09827C50E1200CD15F0 /* SignInViewController.swift */; };
		C582D09B27C50E7300CD15F0 /* SignInViewModel.swift in Sources */ = {isa = PBXBuildFile; fileRef = C582D09A27C50E7300CD15F0 /* SignInViewModel.swift */; };
		C582D0A027C51C6A00CD15F0 /* Constants.swift in Sources */ = {isa = PBXBuildFile; fileRef = C582D09F27C51C6A00CD15F0 /* Constants.swift */; };
		C582D0A527C597A300CD15F0 /* RepCounterViewController.swift in Sources */ = {isa = PBXBuildFile; fileRef = C582D0A427C597A200CD15F0 /* RepCounterViewController.swift */; };
		C59429FE27C193E900490829 /* ChildOneViewController.swift in Sources */ = {isa = PBXBuildFile; fileRef = C59429FD27C193E900490829 /* ChildOneViewController.swift */; };
		C5942A0027C193FA00490829 /* ChildTwoViewController.swift in Sources */ = {isa = PBXBuildFile; fileRef = C59429FF27C193FA00490829 /* ChildTwoViewController.swift */; };
		C5942A0227C1940D00490829 /* ChildThreeViewController.swift in Sources */ = {isa = PBXBuildFile; fileRef = C5942A0127C1940D00490829 /* ChildThreeViewController.swift */; };
		C5942A0427C2941800490829 /* CellModel.swift in Sources */ = {isa = PBXBuildFile; fileRef = C5942A0327C2941800490829 /* CellModel.swift */; };
		C5942A0627C2AB6D00490829 /* ContainerViewController.swift in Sources */ = {isa = PBXBuildFile; fileRef = C5942A0527C2AB6D00490829 /* ContainerViewController.swift */; };
		C5942A0827C2AC9400490829 /* ContainerViewModel.swift in Sources */ = {isa = PBXBuildFile; fileRef = C5942A0727C2AC9400490829 /* ContainerViewModel.swift */; };
		C5942A0B27C2ACD000490829 /* NSObject+Ext.swift in Sources */ = {isa = PBXBuildFile; fileRef = C5942A0A27C2ACD000490829 /* NSObject+Ext.swift */; };
		C5942A0D27C2B0DB00490829 /* LeftMenuViewController.swift in Sources */ = {isa = PBXBuildFile; fileRef = C5942A0C27C2B0DB00490829 /* LeftMenuViewController.swift */; };
		C5942A0F27C2B36B00490829 /* MenuItemTableViewCell.swift in Sources */ = {isa = PBXBuildFile; fileRef = C5942A0E27C2B36B00490829 /* MenuItemTableViewCell.swift */; };
		C5942A1127C2B42F00490829 /* MenuModel.swift in Sources */ = {isa = PBXBuildFile; fileRef = C5942A1027C2B42F00490829 /* MenuModel.swift */; };
		C5942A1327C2B4C100490829 /* LeftMenuViewModel.swift in Sources */ = {isa = PBXBuildFile; fileRef = C5942A1227C2B4C100490829 /* LeftMenuViewModel.swift */; };
		C5942A1527C2BD8600490829 /* UIDevice.swift in Sources */ = {isa = PBXBuildFile; fileRef = C5942A1427C2BD8600490829 /* UIDevice.swift */; };
		C5942A1727C2E5A700490829 /* MyWorkoutViewController.swift in Sources */ = {isa = PBXBuildFile; fileRef = C5942A1627C2E5A700490829 /* MyWorkoutViewController.swift */; };
		C5942A1927C2E62800490829 /* MyWorkoutViewModel.swift in Sources */ = {isa = PBXBuildFile; fileRef = C5942A1827C2E62800490829 /* MyWorkoutViewModel.swift */; };
		C5C196AF27C7B0AF008F60EE /* GradientView.swift in Sources */ = {isa = PBXBuildFile; fileRef = C5C196AE27C7B0AF008F60EE /* GradientView.swift */; };
		C5C196B127C7F9A3008F60EE /* InWorkOutViewController.swift in Sources */ = {isa = PBXBuildFile; fileRef = C5C196B027C7F9A3008F60EE /* InWorkOutViewController.swift */; };
		C5ECF61027C3082C00C3FAD3 /* ProgrammesViewController.swift in Sources */ = {isa = PBXBuildFile; fileRef = C5ECF60F27C3082C00C3FAD3 /* ProgrammesViewController.swift */; };
		C5ECF61227C3084A00C3FAD3 /* ProgrammesViewModel.swift in Sources */ = {isa = PBXBuildFile; fileRef = C5ECF61127C3084A00C3FAD3 /* ProgrammesViewModel.swift */; };
		C5ECF61427C308C800C3FAD3 /* ProgramTableViewCell.swift in Sources */ = {isa = PBXBuildFile; fileRef = C5ECF61327C308C800C3FAD3 /* ProgramTableViewCell.swift */; };
		C5ECF61627C3192A00C3FAD3 /* ProfileViewController.swift in Sources */ = {isa = PBXBuildFile; fileRef = C5ECF61527C3192900C3FAD3 /* ProfileViewController.swift */; };
		C5ECF61827C3195F00C3FAD3 /* ProfileViewModel.swift in Sources */ = {isa = PBXBuildFile; fileRef = C5ECF61727C3195F00C3FAD3 /* ProfileViewModel.swift */; };
		EECDDF5D81229E684FEE79D8 /* Pods_StanceTests.framework in Frameworks */ = {isa = PBXBuildFile; fileRef = 00CA400625513A0ED7F3D4EA /* Pods_StanceTests.framework */; };
/* End PBXBuildFile section */

/* Begin PBXContainerItemProxy section */
		C542E8B727C00454009B84C1 /* PBXContainerItemProxy */ = {
			isa = PBXContainerItemProxy;
			containerPortal = C542E89827C0044F009B84C1 /* Project object */;
			proxyType = 1;
			remoteGlobalIDString = C542E89F27C0044F009B84C1;
			remoteInfo = Stance;
		};
		C542E8C127C00454009B84C1 /* PBXContainerItemProxy */ = {
			isa = PBXContainerItemProxy;
			containerPortal = C542E89827C0044F009B84C1 /* Project object */;
			proxyType = 1;
			remoteGlobalIDString = C542E89F27C0044F009B84C1;
			remoteInfo = Stance;
		};
/* End PBXContainerItemProxy section */

/* Begin PBXFileReference section */
		00CA400625513A0ED7F3D4EA /* Pods_StanceTests.framework */ = {isa = PBXFileReference; explicitFileType = wrapper.framework; includeInIndex = 0; path = Pods_StanceTests.framework; sourceTree = BUILT_PRODUCTS_DIR; };
		177E6F92B1C0385E101B21AC /* Pods_Stance_StanceUITests.framework */ = {isa = PBXFileReference; explicitFileType = wrapper.framework; includeInIndex = 0; path = Pods_Stance_StanceUITests.framework; sourceTree = BUILT_PRODUCTS_DIR; };
		2B00B67B9A5B5BD9237AF387 /* Pods-StanceTests.release.xcconfig */ = {isa = PBXFileReference; includeInIndex = 1; lastKnownFileType = text.xcconfig; name = "Pods-StanceTests.release.xcconfig"; path = "Target Support Files/Pods-StanceTests/Pods-StanceTests.release.xcconfig"; sourceTree = "<group>"; };
		2C4E7557FB07CD6BFAA7B7A3 /* Pods-Stance.debug.xcconfig */ = {isa = PBXFileReference; includeInIndex = 1; lastKnownFileType = text.xcconfig; name = "Pods-Stance.debug.xcconfig"; path = "Target Support Files/Pods-Stance/Pods-Stance.debug.xcconfig"; sourceTree = "<group>"; };
		2DA86306AD50D7DB425EA00E /* Pods-Stance.release.xcconfig */ = {isa = PBXFileReference; includeInIndex = 1; lastKnownFileType = text.xcconfig; name = "Pods-Stance.release.xcconfig"; path = "Target Support Files/Pods-Stance/Pods-Stance.release.xcconfig"; sourceTree = "<group>"; };
		6569E3F3C527B56959E6FBA1 /* Pods-StanceTests.debug.xcconfig */ = {isa = PBXFileReference; includeInIndex = 1; lastKnownFileType = text.xcconfig; name = "Pods-StanceTests.debug.xcconfig"; path = "Target Support Files/Pods-StanceTests/Pods-StanceTests.debug.xcconfig"; sourceTree = "<group>"; };
		6A23D7A0C0C49AB135C846DF /* Pods-Stance-StanceUITests.release.xcconfig */ = {isa = PBXFileReference; includeInIndex = 1; lastKnownFileType = text.xcconfig; name = "Pods-Stance-StanceUITests.release.xcconfig"; path = "Target Support Files/Pods-Stance-StanceUITests/Pods-Stance-StanceUITests.release.xcconfig"; sourceTree = "<group>"; };
		6AE4D339194472C808533521 /* Pods-Stance-StanceUITests.debug.xcconfig */ = {isa = PBXFileReference; includeInIndex = 1; lastKnownFileType = text.xcconfig; name = "Pods-Stance-StanceUITests.debug.xcconfig"; path = "Target Support Files/Pods-Stance-StanceUITests/Pods-Stance-StanceUITests.debug.xcconfig"; sourceTree = "<group>"; };
		BDE213A8649949A5819B9442 /* Pods_Stance.framework */ = {isa = PBXFileReference; explicitFileType = wrapper.framework; includeInIndex = 0; path = Pods_Stance.framework; sourceTree = BUILT_PRODUCTS_DIR; };
		C51FD17627C145DA007F4899 /* HomeViewController.swift */ = {isa = PBXFileReference; lastKnownFileType = sourcecode.swift; path = HomeViewController.swift; sourceTree = "<group>"; };
		C51FD17827C15302007F4899 /* HomeViewModel.swift */ = {isa = PBXFileReference; lastKnownFileType = sourcecode.swift; path = HomeViewModel.swift; sourceTree = "<group>"; };
		C51FD17C27C1609F007F4899 /* GraphTableViewCell.swift */ = {isa = PBXFileReference; lastKnownFileType = sourcecode.swift; path = GraphTableViewCell.swift; sourceTree = "<group>"; };
		C530D31427C84004002FE35F /* RepCounterViewModel.swift */ = {isa = PBXFileReference; lastKnownFileType = sourcecode.swift; path = RepCounterViewModel.swift; sourceTree = "<group>"; };
		C542E8A027C0044F009B84C1 /* Stance.app */ = {isa = PBXFileReference; explicitFileType = wrapper.application; includeInIndex = 0; path = Stance.app; sourceTree = BUILT_PRODUCTS_DIR; };
		C542E8A327C0044F009B84C1 /* AppDelegate.swift */ = {isa = PBXFileReference; lastKnownFileType = sourcecode.swift; path = AppDelegate.swift; sourceTree = "<group>"; };
		C542E8A527C0044F009B84C1 /* SceneDelegate.swift */ = {isa = PBXFileReference; lastKnownFileType = sourcecode.swift; path = SceneDelegate.swift; sourceTree = "<group>"; };
		C542E8AA27C0044F009B84C1 /* Base */ = {isa = PBXFileReference; lastKnownFileType = file.storyboard; name = Base; path = Base.lproj/Main.storyboard; sourceTree = "<group>"; };
		C542E8AC27C00453009B84C1 /* Assets.xcassets */ = {isa = PBXFileReference; lastKnownFileType = folder.assetcatalog; path = Assets.xcassets; sourceTree = "<group>"; };
		C542E8AF27C00453009B84C1 /* Base */ = {isa = PBXFileReference; lastKnownFileType = file.storyboard; name = Base; path = Base.lproj/LaunchScreen.storyboard; sourceTree = "<group>"; };
		C542E8B127C00453009B84C1 /* Info.plist */ = {isa = PBXFileReference; lastKnownFileType = text.plist.xml; path = Info.plist; sourceTree = "<group>"; };
		C542E8B627C00454009B84C1 /* StanceTests.xctest */ = {isa = PBXFileReference; explicitFileType = wrapper.cfbundle; includeInIndex = 0; path = StanceTests.xctest; sourceTree = BUILT_PRODUCTS_DIR; };
		C542E8BA27C00454009B84C1 /* StanceTests.swift */ = {isa = PBXFileReference; lastKnownFileType = sourcecode.swift; path = StanceTests.swift; sourceTree = "<group>"; };
		C542E8C027C00454009B84C1 /* StanceUITests.xctest */ = {isa = PBXFileReference; explicitFileType = wrapper.cfbundle; includeInIndex = 0; path = StanceUITests.xctest; sourceTree = BUILT_PRODUCTS_DIR; };
		C542E8C427C00454009B84C1 /* StanceUITests.swift */ = {isa = PBXFileReference; lastKnownFileType = sourcecode.swift; path = StanceUITests.swift; sourceTree = "<group>"; };
		C542E8C627C00454009B84C1 /* StanceUITestsLaunchTests.swift */ = {isa = PBXFileReference; lastKnownFileType = sourcecode.swift; path = StanceUITestsLaunchTests.swift; sourceTree = "<group>"; };
		C55146D427C447C100DD25D5 /* HomeSectionTableViewCell.swift */ = {isa = PBXFileReference; lastKnownFileType = sourcecode.swift; path = HomeSectionTableViewCell.swift; sourceTree = "<group>"; };
		C559E8A327C31EAE004A3E01 /* UICustomView.swift */ = {isa = PBXFileReference; lastKnownFileType = sourcecode.swift; path = UICustomView.swift; sourceTree = "<group>"; };
		C559E8A527C329B9004A3E01 /* UICustomButton.swift */ = {isa = PBXFileReference; lastKnownFileType = sourcecode.swift; path = UICustomButton.swift; sourceTree = "<group>"; };
		C559E8A727C3B36D004A3E01 /* WorkoutModel.swift */ = {isa = PBXFileReference; lastKnownFileType = sourcecode.swift; path = WorkoutModel.swift; sourceTree = "<group>"; };
		C559E8A927C3CDAF004A3E01 /* StartWorkOutViewController.swift */ = {isa = PBXFileReference; lastKnownFileType = sourcecode.swift; path = StartWorkOutViewController.swift; sourceTree = "<group>"; };
		C559E8AB27C3D8F6004A3E01 /* SectionTableViewCell.swift */ = {isa = PBXFileReference; lastKnownFileType = sourcecode.swift; path = SectionTableViewCell.swift; sourceTree = "<group>"; };
		C559E8AD27C3D916004A3E01 /* WorkOutExeTableViewCell.swift */ = {isa = PBXFileReference; lastKnownFileType = sourcecode.swift; path = WorkOutExeTableViewCell.swift; sourceTree = "<group>"; };
		C559E8AF27C3DE69004A3E01 /* StartWorkOutViewModel.swift */ = {isa = PBXFileReference; lastKnownFileType = sourcecode.swift; path = StartWorkOutViewModel.swift; sourceTree = "<group>"; };
		C582D09827C50E1200CD15F0 /* SignInViewController.swift */ = {isa = PBXFileReference; lastKnownFileType = sourcecode.swift; path = SignInViewController.swift; sourceTree = "<group>"; };
		C582D09A27C50E7300CD15F0 /* SignInViewModel.swift */ = {isa = PBXFileReference; lastKnownFileType = sourcecode.swift; path = SignInViewModel.swift; sourceTree = "<group>"; };
		C582D09F27C51C6A00CD15F0 /* Constants.swift */ = {isa = PBXFileReference; lastKnownFileType = sourcecode.swift; path = Constants.swift; sourceTree = "<group>"; };
		C582D0A427C597A200CD15F0 /* RepCounterViewController.swift */ = {isa = PBXFileReference; lastKnownFileType = sourcecode.swift; path = RepCounterViewController.swift; sourceTree = "<group>"; };
		C59429FD27C193E900490829 /* ChildOneViewController.swift */ = {isa = PBXFileReference; lastKnownFileType = sourcecode.swift; path = ChildOneViewController.swift; sourceTree = "<group>"; };
		C59429FF27C193FA00490829 /* ChildTwoViewController.swift */ = {isa = PBXFileReference; lastKnownFileType = sourcecode.swift; path = ChildTwoViewController.swift; sourceTree = "<group>"; };
		C5942A0127C1940D00490829 /* ChildThreeViewController.swift */ = {isa = PBXFileReference; lastKnownFileType = sourcecode.swift; path = ChildThreeViewController.swift; sourceTree = "<group>"; };
		C5942A0327C2941800490829 /* CellModel.swift */ = {isa = PBXFileReference; lastKnownFileType = sourcecode.swift; path = CellModel.swift; sourceTree = "<group>"; };
		C5942A0527C2AB6D00490829 /* ContainerViewController.swift */ = {isa = PBXFileReference; lastKnownFileType = sourcecode.swift; path = ContainerViewController.swift; sourceTree = "<group>"; };
		C5942A0727C2AC9400490829 /* ContainerViewModel.swift */ = {isa = PBXFileReference; lastKnownFileType = sourcecode.swift; path = ContainerViewModel.swift; sourceTree = "<group>"; };
		C5942A0A27C2ACD000490829 /* NSObject+Ext.swift */ = {isa = PBXFileReference; lastKnownFileType = sourcecode.swift; path = "NSObject+Ext.swift"; sourceTree = "<group>"; };
		C5942A0C27C2B0DB00490829 /* LeftMenuViewController.swift */ = {isa = PBXFileReference; lastKnownFileType = sourcecode.swift; path = LeftMenuViewController.swift; sourceTree = "<group>"; };
		C5942A0E27C2B36B00490829 /* MenuItemTableViewCell.swift */ = {isa = PBXFileReference; lastKnownFileType = sourcecode.swift; path = MenuItemTableViewCell.swift; sourceTree = "<group>"; };
		C5942A1027C2B42F00490829 /* MenuModel.swift */ = {isa = PBXFileReference; lastKnownFileType = sourcecode.swift; path = MenuModel.swift; sourceTree = "<group>"; };
		C5942A1227C2B4C100490829 /* LeftMenuViewModel.swift */ = {isa = PBXFileReference; lastKnownFileType = sourcecode.swift; path = LeftMenuViewModel.swift; sourceTree = "<group>"; };
		C5942A1427C2BD8600490829 /* UIDevice.swift */ = {isa = PBXFileReference; lastKnownFileType = sourcecode.swift; path = UIDevice.swift; sourceTree = "<group>"; };
		C5942A1627C2E5A700490829 /* MyWorkoutViewController.swift */ = {isa = PBXFileReference; lastKnownFileType = sourcecode.swift; path = MyWorkoutViewController.swift; sourceTree = "<group>"; };
		C5942A1827C2E62800490829 /* MyWorkoutViewModel.swift */ = {isa = PBXFileReference; lastKnownFileType = sourcecode.swift; path = MyWorkoutViewModel.swift; sourceTree = "<group>"; };
		C5C196AE27C7B0AF008F60EE /* GradientView.swift */ = {isa = PBXFileReference; lastKnownFileType = sourcecode.swift; path = GradientView.swift; sourceTree = "<group>"; };
		C5C196B027C7F9A3008F60EE /* InWorkOutViewController.swift */ = {isa = PBXFileReference; lastKnownFileType = sourcecode.swift; path = InWorkOutViewController.swift; sourceTree = "<group>"; };
		C5ECF60F27C3082C00C3FAD3 /* ProgrammesViewController.swift */ = {isa = PBXFileReference; lastKnownFileType = sourcecode.swift; path = ProgrammesViewController.swift; sourceTree = "<group>"; };
		C5ECF61127C3084A00C3FAD3 /* ProgrammesViewModel.swift */ = {isa = PBXFileReference; lastKnownFileType = sourcecode.swift; path = ProgrammesViewModel.swift; sourceTree = "<group>"; };
		C5ECF61327C308C800C3FAD3 /* ProgramTableViewCell.swift */ = {isa = PBXFileReference; lastKnownFileType = sourcecode.swift; path = ProgramTableViewCell.swift; sourceTree = "<group>"; };
		C5ECF61527C3192900C3FAD3 /* ProfileViewController.swift */ = {isa = PBXFileReference; lastKnownFileType = sourcecode.swift; path = ProfileViewController.swift; sourceTree = "<group>"; };
		C5ECF61727C3195F00C3FAD3 /* ProfileViewModel.swift */ = {isa = PBXFileReference; lastKnownFileType = sourcecode.swift; path = ProfileViewModel.swift; sourceTree = "<group>"; };
/* End PBXFileReference section */

/* Begin PBXFrameworksBuildPhase section */
		C542E89D27C0044F009B84C1 /* Frameworks */ = {
			isa = PBXFrameworksBuildPhase;
			buildActionMask = 2147483647;
			files = (
				C530D31027C8363D002FE35F /* SASCustomAlert in Frameworks */,
				A5EAD5D00FE8D5C14BF7C946 /* Pods_Stance.framework in Frameworks */,
				C530D31327C83723002FE35F /* SASKeyboardPack in Frameworks */,
			);
			runOnlyForDeploymentPostprocessing = 0;
		};
		C542E8B327C00454009B84C1 /* Frameworks */ = {
			isa = PBXFrameworksBuildPhase;
			buildActionMask = 2147483647;
			files = (
				EECDDF5D81229E684FEE79D8 /* Pods_StanceTests.framework in Frameworks */,
			);
			runOnlyForDeploymentPostprocessing = 0;
		};
		C542E8BD27C00454009B84C1 /* Frameworks */ = {
			isa = PBXFrameworksBuildPhase;
			buildActionMask = 2147483647;
			files = (
				53C142FA6C324D613C757F53 /* Pods_Stance_StanceUITests.framework in Frameworks */,
			);
			runOnlyForDeploymentPostprocessing = 0;
		};
/* End PBXFrameworksBuildPhase section */

/* Begin PBXGroup section */
		72F6ADC492712B7489E0C500 /* Pods */ = {
			isa = PBXGroup;
			children = (
				2C4E7557FB07CD6BFAA7B7A3 /* Pods-Stance.debug.xcconfig */,
				2DA86306AD50D7DB425EA00E /* Pods-Stance.release.xcconfig */,
				6AE4D339194472C808533521 /* Pods-Stance-StanceUITests.debug.xcconfig */,
				6A23D7A0C0C49AB135C846DF /* Pods-Stance-StanceUITests.release.xcconfig */,
				6569E3F3C527B56959E6FBA1 /* Pods-StanceTests.debug.xcconfig */,
				2B00B67B9A5B5BD9237AF387 /* Pods-StanceTests.release.xcconfig */,
			);
			path = Pods;
			sourceTree = "<group>";
		};
		C51FD17227C14554007F4899 /* ViewModel */ = {
			isa = PBXGroup;
			children = (
				C582D09A27C50E7300CD15F0 /* SignInViewModel.swift */,
				C51FD17827C15302007F4899 /* HomeViewModel.swift */,
				C5942A0727C2AC9400490829 /* ContainerViewModel.swift */,
				C5942A1227C2B4C100490829 /* LeftMenuViewModel.swift */,
				C5942A1827C2E62800490829 /* MyWorkoutViewModel.swift */,
				C5ECF61127C3084A00C3FAD3 /* ProgrammesViewModel.swift */,
				C559E8AF27C3DE69004A3E01 /* StartWorkOutViewModel.swift */,
				C5ECF61727C3195F00C3FAD3 /* ProfileViewModel.swift */,
				C530D31427C84004002FE35F /* RepCounterViewModel.swift */,
			);
			path = ViewModel;
			sourceTree = "<group>";
		};
		C51FD17327C14566007F4899 /* View */ = {
			isa = PBXGroup;
			children = (
				C51FD17B27C16081007F4899 /* Cells */,
				C51FD17527C1458A007F4899 /* ViewControllers */,
				C559E8A327C31EAE004A3E01 /* UICustomView.swift */,
				C559E8A527C329B9004A3E01 /* UICustomButton.swift */,
				C5C196AE27C7B0AF008F60EE /* GradientView.swift */,
			);
			path = View;
			sourceTree = "<group>";
		};
		C51FD17527C1458A007F4899 /* ViewControllers */ = {
			isa = PBXGroup;
			children = (
				C582D09827C50E1200CD15F0 /* SignInViewController.swift */,
				C51FD17627C145DA007F4899 /* HomeViewController.swift */,
				C59429FD27C193E900490829 /* ChildOneViewController.swift */,
				C59429FF27C193FA00490829 /* ChildTwoViewController.swift */,
				C5942A0127C1940D00490829 /* ChildThreeViewController.swift */,
				C5942A0527C2AB6D00490829 /* ContainerViewController.swift */,
				C5942A0C27C2B0DB00490829 /* LeftMenuViewController.swift */,
				C5942A1627C2E5A700490829 /* MyWorkoutViewController.swift */,
				C5ECF60F27C3082C00C3FAD3 /* ProgrammesViewController.swift */,
				C559E8A927C3CDAF004A3E01 /* StartWorkOutViewController.swift */,
				C5ECF61527C3192900C3FAD3 /* ProfileViewController.swift */,
				C5C196B027C7F9A3008F60EE /* InWorkOutViewController.swift */,
				C582D0A427C597A200CD15F0 /* RepCounterViewController.swift */,
			);
			path = ViewControllers;
			sourceTree = "<group>";
		};
		C51FD17B27C16081007F4899 /* Cells */ = {
			isa = PBXGroup;
			children = (
				C51FD17C27C1609F007F4899 /* GraphTableViewCell.swift */,
				C5942A0E27C2B36B00490829 /* MenuItemTableViewCell.swift */,
				C5ECF61327C308C800C3FAD3 /* ProgramTableViewCell.swift */,
				C559E8AB27C3D8F6004A3E01 /* SectionTableViewCell.swift */,
				C559E8AD27C3D916004A3E01 /* WorkOutExeTableViewCell.swift */,
				C55146D427C447C100DD25D5 /* HomeSectionTableViewCell.swift */,
			);
			path = Cells;
			sourceTree = "<group>";
		};
		C542E89727C0044F009B84C1 = {
			isa = PBXGroup;
			children = (
				C542E8A227C0044F009B84C1 /* Stance */,
				C542E8B927C00454009B84C1 /* StanceTests */,
				C542E8C327C00454009B84C1 /* StanceUITests */,
				C542E8A127C0044F009B84C1 /* Products */,
				72F6ADC492712B7489E0C500 /* Pods */,
				F5432EC948E8310C8AC94B24 /* Frameworks */,
			);
			sourceTree = "<group>";
		};
		C542E8A127C0044F009B84C1 /* Products */ = {
			isa = PBXGroup;
			children = (
				C542E8A027C0044F009B84C1 /* Stance.app */,
				C542E8B627C00454009B84C1 /* StanceTests.xctest */,
				C542E8C027C00454009B84C1 /* StanceUITests.xctest */,
			);
			name = Products;
			sourceTree = "<group>";
		};
		C542E8A227C0044F009B84C1 /* Stance */ = {
			isa = PBXGroup;
			children = (
				C5942A0927C2ACBC00490829 /* Exts */,
				C542E8A327C0044F009B84C1 /* AppDelegate.swift */,
				C542E8A527C0044F009B84C1 /* SceneDelegate.swift */,
				C59429FB27C1879500490829 /* Model */,
				C51FD17327C14566007F4899 /* View */,
				C51FD17227C14554007F4899 /* ViewModel */,
				C542E8A927C0044F009B84C1 /* Main.storyboard */,
				C542E8AC27C00453009B84C1 /* Assets.xcassets */,
				C542E8AE27C00453009B84C1 /* LaunchScreen.storyboard */,
				C542E8B127C00453009B84C1 /* Info.plist */,
			);
			path = Stance;
			sourceTree = "<group>";
		};
		C542E8B927C00454009B84C1 /* StanceTests */ = {
			isa = PBXGroup;
			children = (
				C542E8BA27C00454009B84C1 /* StanceTests.swift */,
			);
			path = StanceTests;
			sourceTree = "<group>";
		};
		C542E8C327C00454009B84C1 /* StanceUITests */ = {
			isa = PBXGroup;
			children = (
				C542E8C427C00454009B84C1 /* StanceUITests.swift */,
				C542E8C627C00454009B84C1 /* StanceUITestsLaunchTests.swift */,
			);
			path = StanceUITests;
			sourceTree = "<group>";
		};
		C59429FB27C1879500490829 /* Model */ = {
			isa = PBXGroup;
			children = (
				C5942A0327C2941800490829 /* CellModel.swift */,
				C5942A1027C2B42F00490829 /* MenuModel.swift */,
				C559E8A727C3B36D004A3E01 /* WorkoutModel.swift */,
			);
			path = Model;
			sourceTree = "<group>";
		};
		C5942A0927C2ACBC00490829 /* Exts */ = {
			isa = PBXGroup;
			children = (
				C5942A0A27C2ACD000490829 /* NSObject+Ext.swift */,
				C5942A1427C2BD8600490829 /* UIDevice.swift */,
				C582D09F27C51C6A00CD15F0 /* Constants.swift */,
			);
			path = Exts;
			sourceTree = "<group>";
		};
		F5432EC948E8310C8AC94B24 /* Frameworks */ = {
			isa = PBXGroup;
			children = (
				BDE213A8649949A5819B9442 /* Pods_Stance.framework */,
				177E6F92B1C0385E101B21AC /* Pods_Stance_StanceUITests.framework */,
				00CA400625513A0ED7F3D4EA /* Pods_StanceTests.framework */,
			);
			name = Frameworks;
			sourceTree = "<group>";
		};
/* End PBXGroup section */

/* Begin PBXNativeTarget section */
		C542E89F27C0044F009B84C1 /* Stance */ = {
			isa = PBXNativeTarget;
			buildConfigurationList = C542E8CA27C00454009B84C1 /* Build configuration list for PBXNativeTarget "Stance" */;
			buildPhases = (
				19BC1D2E72DA68F4A44DF333 /* [CP] Check Pods Manifest.lock */,
				C542E89C27C0044F009B84C1 /* Sources */,
				C542E89D27C0044F009B84C1 /* Frameworks */,
				C542E89E27C0044F009B84C1 /* Resources */,
				5A4AB2552AF7FF293E782C15 /* [CP] Embed Pods Frameworks */,
			);
			buildRules = (
			);
			dependencies = (
			);
			name = Stance;
			packageProductDependencies = (
				C530D30F27C8363D002FE35F /* SASCustomAlert */,
				C530D31227C83723002FE35F /* SASKeyboardPack */,
			);
			productName = Stance;
			productReference = C542E8A027C0044F009B84C1 /* Stance.app */;
			productType = "com.apple.product-type.application";
		};
		C542E8B527C00454009B84C1 /* StanceTests */ = {
			isa = PBXNativeTarget;
			buildConfigurationList = C542E8CD27C00454009B84C1 /* Build configuration list for PBXNativeTarget "StanceTests" */;
			buildPhases = (
				D22CEEB2AC406E88C6A6C368 /* [CP] Check Pods Manifest.lock */,
				C542E8B227C00454009B84C1 /* Sources */,
				C542E8B327C00454009B84C1 /* Frameworks */,
				C542E8B427C00454009B84C1 /* Resources */,
			);
			buildRules = (
			);
			dependencies = (
				C542E8B827C00454009B84C1 /* PBXTargetDependency */,
			);
			name = StanceTests;
			productName = StanceTests;
			productReference = C542E8B627C00454009B84C1 /* StanceTests.xctest */;
			productType = "com.apple.product-type.bundle.unit-test";
		};
		C542E8BF27C00454009B84C1 /* StanceUITests */ = {
			isa = PBXNativeTarget;
			buildConfigurationList = C542E8D027C00454009B84C1 /* Build configuration list for PBXNativeTarget "StanceUITests" */;
			buildPhases = (
				A6A156C3B44ADC672DA994EA /* [CP] Check Pods Manifest.lock */,
				C542E8BC27C00454009B84C1 /* Sources */,
				C542E8BD27C00454009B84C1 /* Frameworks */,
				C542E8BE27C00454009B84C1 /* Resources */,
				F7FE751D3EF8BC38187E11D2 /* [CP] Embed Pods Frameworks */,
			);
			buildRules = (
			);
			dependencies = (
				C542E8C227C00454009B84C1 /* PBXTargetDependency */,
			);
			name = StanceUITests;
			productName = StanceUITests;
			productReference = C542E8C027C00454009B84C1 /* StanceUITests.xctest */;
			productType = "com.apple.product-type.bundle.ui-testing";
		};
/* End PBXNativeTarget section */

/* Begin PBXProject section */
		C542E89827C0044F009B84C1 /* Project object */ = {
			isa = PBXProject;
			attributes = {
				BuildIndependentTargetsInParallel = 1;
				LastSwiftUpdateCheck = 1320;
				LastUpgradeCheck = 1320;
				TargetAttributes = {
					C542E89F27C0044F009B84C1 = {
						CreatedOnToolsVersion = 13.2.1;
					};
					C542E8B527C00454009B84C1 = {
						CreatedOnToolsVersion = 13.2.1;
						TestTargetID = C542E89F27C0044F009B84C1;
					};
					C542E8BF27C00454009B84C1 = {
						CreatedOnToolsVersion = 13.2.1;
						TestTargetID = C542E89F27C0044F009B84C1;
					};
				};
			};
			buildConfigurationList = C542E89B27C0044F009B84C1 /* Build configuration list for PBXProject "Stance" */;
			compatibilityVersion = "Xcode 13.0";
			developmentRegion = en;
			hasScannedForEncodings = 0;
			knownRegions = (
				en,
				Base,
			);
			mainGroup = C542E89727C0044F009B84C1;
			packageReferences = (
				C51FD17A27C15514007F4899 /* XCRemoteSwiftPackageReference "SASIBViews" */,
				C530D30E27C8363D002FE35F /* XCRemoteSwiftPackageReference "SASCustomAlert" */,
				C530D31127C83723002FE35F /* XCRemoteSwiftPackageReference "SASKeyboardPack" */,
			);
			productRefGroup = C542E8A127C0044F009B84C1 /* Products */;
			projectDirPath = "";
			projectRoot = "";
			targets = (
				C542E89F27C0044F009B84C1 /* Stance */,
				C542E8B527C00454009B84C1 /* StanceTests */,
				C542E8BF27C00454009B84C1 /* StanceUITests */,
			);
		};
/* End PBXProject section */

/* Begin PBXResourcesBuildPhase section */
		C542E89E27C0044F009B84C1 /* Resources */ = {
			isa = PBXResourcesBuildPhase;
			buildActionMask = 2147483647;
			files = (
				C542E8B027C00453009B84C1 /* LaunchScreen.storyboard in Resources */,
				C542E8AD27C00453009B84C1 /* Assets.xcassets in Resources */,
				C542E8AB27C0044F009B84C1 /* Main.storyboard in Resources */,
			);
			runOnlyForDeploymentPostprocessing = 0;
		};
		C542E8B427C00454009B84C1 /* Resources */ = {
			isa = PBXResourcesBuildPhase;
			buildActionMask = 2147483647;
			files = (
			);
			runOnlyForDeploymentPostprocessing = 0;
		};
		C542E8BE27C00454009B84C1 /* Resources */ = {
			isa = PBXResourcesBuildPhase;
			buildActionMask = 2147483647;
			files = (
			);
			runOnlyForDeploymentPostprocessing = 0;
		};
/* End PBXResourcesBuildPhase section */

/* Begin PBXShellScriptBuildPhase section */
		19BC1D2E72DA68F4A44DF333 /* [CP] Check Pods Manifest.lock */ = {
			isa = PBXShellScriptBuildPhase;
			buildActionMask = 2147483647;
			files = (
			);
			inputFileListPaths = (
			);
			inputPaths = (
				"${PODS_PODFILE_DIR_PATH}/Podfile.lock",
				"${PODS_ROOT}/Manifest.lock",
			);
			name = "[CP] Check Pods Manifest.lock";
			outputFileListPaths = (
			);
			outputPaths = (
				"$(DERIVED_FILE_DIR)/Pods-Stance-checkManifestLockResult.txt",
			);
			runOnlyForDeploymentPostprocessing = 0;
			shellPath = /bin/sh;
			shellScript = "diff \"${PODS_PODFILE_DIR_PATH}/Podfile.lock\" \"${PODS_ROOT}/Manifest.lock\" > /dev/null\nif [ $? != 0 ] ; then\n    # print error to STDERR\n    echo \"error: The sandbox is not in sync with the Podfile.lock. Run 'pod install' or update your CocoaPods installation.\" >&2\n    exit 1\nfi\n# This output is used by Xcode 'outputs' to avoid re-running this script phase.\necho \"SUCCESS\" > \"${SCRIPT_OUTPUT_FILE_0}\"\n";
			showEnvVarsInLog = 0;
		};
		5A4AB2552AF7FF293E782C15 /* [CP] Embed Pods Frameworks */ = {
			isa = PBXShellScriptBuildPhase;
			buildActionMask = 2147483647;
			files = (
			);
			inputFileListPaths = (
				"${PODS_ROOT}/Target Support Files/Pods-Stance/Pods-Stance-frameworks-${CONFIGURATION}-input-files.xcfilelist",
			);
			name = "[CP] Embed Pods Frameworks";
			outputFileListPaths = (
				"${PODS_ROOT}/Target Support Files/Pods-Stance/Pods-Stance-frameworks-${CONFIGURATION}-output-files.xcfilelist",
			);
			runOnlyForDeploymentPostprocessing = 0;
			shellPath = /bin/sh;
			shellScript = "\"${PODS_ROOT}/Target Support Files/Pods-Stance/Pods-Stance-frameworks.sh\"\n";
			showEnvVarsInLog = 0;
		};
		A6A156C3B44ADC672DA994EA /* [CP] Check Pods Manifest.lock */ = {
			isa = PBXShellScriptBuildPhase;
			buildActionMask = 2147483647;
			files = (
			);
			inputFileListPaths = (
			);
			inputPaths = (
				"${PODS_PODFILE_DIR_PATH}/Podfile.lock",
				"${PODS_ROOT}/Manifest.lock",
			);
			name = "[CP] Check Pods Manifest.lock";
			outputFileListPaths = (
			);
			outputPaths = (
				"$(DERIVED_FILE_DIR)/Pods-Stance-StanceUITests-checkManifestLockResult.txt",
			);
			runOnlyForDeploymentPostprocessing = 0;
			shellPath = /bin/sh;
			shellScript = "diff \"${PODS_PODFILE_DIR_PATH}/Podfile.lock\" \"${PODS_ROOT}/Manifest.lock\" > /dev/null\nif [ $? != 0 ] ; then\n    # print error to STDERR\n    echo \"error: The sandbox is not in sync with the Podfile.lock. Run 'pod install' or update your CocoaPods installation.\" >&2\n    exit 1\nfi\n# This output is used by Xcode 'outputs' to avoid re-running this script phase.\necho \"SUCCESS\" > \"${SCRIPT_OUTPUT_FILE_0}\"\n";
			showEnvVarsInLog = 0;
		};
		D22CEEB2AC406E88C6A6C368 /* [CP] Check Pods Manifest.lock */ = {
			isa = PBXShellScriptBuildPhase;
			buildActionMask = 2147483647;
			files = (
			);
			inputFileListPaths = (
			);
			inputPaths = (
				"${PODS_PODFILE_DIR_PATH}/Podfile.lock",
				"${PODS_ROOT}/Manifest.lock",
			);
			name = "[CP] Check Pods Manifest.lock";
			outputFileListPaths = (
			);
			outputPaths = (
				"$(DERIVED_FILE_DIR)/Pods-StanceTests-checkManifestLockResult.txt",
			);
			runOnlyForDeploymentPostprocessing = 0;
			shellPath = /bin/sh;
			shellScript = "diff \"${PODS_PODFILE_DIR_PATH}/Podfile.lock\" \"${PODS_ROOT}/Manifest.lock\" > /dev/null\nif [ $? != 0 ] ; then\n    # print error to STDERR\n    echo \"error: The sandbox is not in sync with the Podfile.lock. Run 'pod install' or update your CocoaPods installation.\" >&2\n    exit 1\nfi\n# This output is used by Xcode 'outputs' to avoid re-running this script phase.\necho \"SUCCESS\" > \"${SCRIPT_OUTPUT_FILE_0}\"\n";
			showEnvVarsInLog = 0;
		};
		F7FE751D3EF8BC38187E11D2 /* [CP] Embed Pods Frameworks */ = {
			isa = PBXShellScriptBuildPhase;
			buildActionMask = 2147483647;
			files = (
			);
			inputFileListPaths = (
				"${PODS_ROOT}/Target Support Files/Pods-Stance-StanceUITests/Pods-Stance-StanceUITests-frameworks-${CONFIGURATION}-input-files.xcfilelist",
			);
			name = "[CP] Embed Pods Frameworks";
			outputFileListPaths = (
				"${PODS_ROOT}/Target Support Files/Pods-Stance-StanceUITests/Pods-Stance-StanceUITests-frameworks-${CONFIGURATION}-output-files.xcfilelist",
			);
			runOnlyForDeploymentPostprocessing = 0;
			shellPath = /bin/sh;
			shellScript = "\"${PODS_ROOT}/Target Support Files/Pods-Stance-StanceUITests/Pods-Stance-StanceUITests-frameworks.sh\"\n";
			showEnvVarsInLog = 0;
		};
/* End PBXShellScriptBuildPhase section */

/* Begin PBXSourcesBuildPhase section */
		C542E89C27C0044F009B84C1 /* Sources */ = {
			isa = PBXSourcesBuildPhase;
			buildActionMask = 2147483647;
			files = (
				C530D31527C84004002FE35F /* RepCounterViewModel.swift in Sources */,
				C5942A1927C2E62800490829 /* MyWorkoutViewModel.swift in Sources */,
				C5C196B127C7F9A3008F60EE /* InWorkOutViewController.swift in Sources */,
				C559E8AC27C3D8F6004A3E01 /* SectionTableViewCell.swift in Sources */,
				C5942A1127C2B42F00490829 /* MenuModel.swift in Sources */,
				C5942A1527C2BD8600490829 /* UIDevice.swift in Sources */,
				C5ECF61427C308C800C3FAD3 /* ProgramTableViewCell.swift in Sources */,
				C51FD17D27C1609F007F4899 /* GraphTableViewCell.swift in Sources */,
				C5ECF61627C3192A00C3FAD3 /* ProfileViewController.swift in Sources */,
				C5942A0827C2AC9400490829 /* ContainerViewModel.swift in Sources */,
				C542E8A427C0044F009B84C1 /* AppDelegate.swift in Sources */,
				C5942A0627C2AB6D00490829 /* ContainerViewController.swift in Sources */,
				C5942A0427C2941800490829 /* CellModel.swift in Sources */,
				C582D09927C50E1200CD15F0 /* SignInViewController.swift in Sources */,
				C59429FE27C193E900490829 /* ChildOneViewController.swift in Sources */,
				C5942A0027C193FA00490829 /* ChildTwoViewController.swift in Sources */,
				C542E8A627C0044F009B84C1 /* SceneDelegate.swift in Sources */,
				C5C196AF27C7B0AF008F60EE /* GradientView.swift in Sources */,
				C5ECF61827C3195F00C3FAD3 /* ProfileViewModel.swift in Sources */,
				C5942A0F27C2B36B00490829 /* MenuItemTableViewCell.swift in Sources */,
				C5ECF61027C3082C00C3FAD3 /* ProgrammesViewController.swift in Sources */,
				C559E8A627C329B9004A3E01 /* UICustomButton.swift in Sources */,
				C559E8AE27C3D916004A3E01 /* WorkOutExeTableViewCell.swift in Sources */,
				C5942A0B27C2ACD000490829 /* NSObject+Ext.swift in Sources */,
				C559E8AA27C3CDAF004A3E01 /* StartWorkOutViewController.swift in Sources */,
				C5ECF61227C3084A00C3FAD3 /* ProgrammesViewModel.swift in Sources */,
				C5942A1727C2E5A700490829 /* MyWorkoutViewController.swift in Sources */,
				C51FD17927C15302007F4899 /* HomeViewModel.swift in Sources */,
				C582D0A027C51C6A00CD15F0 /* Constants.swift in Sources */,
				C559E8A427C31EAE004A3E01 /* UICustomView.swift in Sources */,
				C582D09B27C50E7300CD15F0 /* SignInViewModel.swift in Sources */,
				C5942A0227C1940D00490829 /* ChildThreeViewController.swift in Sources */,
				C55146D527C447C100DD25D5 /* HomeSectionTableViewCell.swift in Sources */,
				C5942A0D27C2B0DB00490829 /* LeftMenuViewController.swift in Sources */,
				C559E8B027C3DE69004A3E01 /* StartWorkOutViewModel.swift in Sources */,
				C5942A1327C2B4C100490829 /* LeftMenuViewModel.swift in Sources */,
				C559E8A827C3B36D004A3E01 /* WorkoutModel.swift in Sources */,
				C51FD17727C145DA007F4899 /* HomeViewController.swift in Sources */,
				C582D0A527C597A300CD15F0 /* RepCounterViewController.swift in Sources */,
			);
			runOnlyForDeploymentPostprocessing = 0;
		};
		C542E8B227C00454009B84C1 /* Sources */ = {
			isa = PBXSourcesBuildPhase;
			buildActionMask = 2147483647;
			files = (
				C542E8BB27C00454009B84C1 /* StanceTests.swift in Sources */,
			);
			runOnlyForDeploymentPostprocessing = 0;
		};
		C542E8BC27C00454009B84C1 /* Sources */ = {
			isa = PBXSourcesBuildPhase;
			buildActionMask = 2147483647;
			files = (
				C542E8C727C00454009B84C1 /* StanceUITestsLaunchTests.swift in Sources */,
				C542E8C527C00454009B84C1 /* StanceUITests.swift in Sources */,
			);
			runOnlyForDeploymentPostprocessing = 0;
		};
/* End PBXSourcesBuildPhase section */

/* Begin PBXTargetDependency section */
		C542E8B827C00454009B84C1 /* PBXTargetDependency */ = {
			isa = PBXTargetDependency;
			target = C542E89F27C0044F009B84C1 /* Stance */;
			targetProxy = C542E8B727C00454009B84C1 /* PBXContainerItemProxy */;
		};
		C542E8C227C00454009B84C1 /* PBXTargetDependency */ = {
			isa = PBXTargetDependency;
			target = C542E89F27C0044F009B84C1 /* Stance */;
			targetProxy = C542E8C127C00454009B84C1 /* PBXContainerItemProxy */;
		};
/* End PBXTargetDependency section */

/* Begin PBXVariantGroup section */
		C542E8A927C0044F009B84C1 /* Main.storyboard */ = {
			isa = PBXVariantGroup;
			children = (
				C542E8AA27C0044F009B84C1 /* Base */,
			);
			name = Main.storyboard;
			sourceTree = "<group>";
		};
		C542E8AE27C00453009B84C1 /* LaunchScreen.storyboard */ = {
			isa = PBXVariantGroup;
			children = (
				C542E8AF27C00453009B84C1 /* Base */,
			);
			name = LaunchScreen.storyboard;
			sourceTree = "<group>";
		};
/* End PBXVariantGroup section */

/* Begin XCBuildConfiguration section */
		C542E8C827C00454009B84C1 /* Debug */ = {
			isa = XCBuildConfiguration;
			buildSettings = {
				ALWAYS_SEARCH_USER_PATHS = NO;
				CLANG_ANALYZER_NONNULL = YES;
				CLANG_ANALYZER_NUMBER_OBJECT_CONVERSION = YES_AGGRESSIVE;
				CLANG_CXX_LANGUAGE_STANDARD = "gnu++17";
				CLANG_CXX_LIBRARY = "libc++";
				CLANG_ENABLE_MODULES = YES;
				CLANG_ENABLE_OBJC_ARC = YES;
				CLANG_ENABLE_OBJC_WEAK = YES;
				CLANG_WARN_BLOCK_CAPTURE_AUTORELEASING = YES;
				CLANG_WARN_BOOL_CONVERSION = YES;
				CLANG_WARN_COMMA = YES;
				CLANG_WARN_CONSTANT_CONVERSION = YES;
				CLANG_WARN_DEPRECATED_OBJC_IMPLEMENTATIONS = YES;
				CLANG_WARN_DIRECT_OBJC_ISA_USAGE = YES_ERROR;
				CLANG_WARN_DOCUMENTATION_COMMENTS = YES;
				CLANG_WARN_EMPTY_BODY = YES;
				CLANG_WARN_ENUM_CONVERSION = YES;
				CLANG_WARN_INFINITE_RECURSION = YES;
				CLANG_WARN_INT_CONVERSION = YES;
				CLANG_WARN_NON_LITERAL_NULL_CONVERSION = YES;
				CLANG_WARN_OBJC_IMPLICIT_RETAIN_SELF = YES;
				CLANG_WARN_OBJC_LITERAL_CONVERSION = YES;
				CLANG_WARN_OBJC_ROOT_CLASS = YES_ERROR;
				CLANG_WARN_QUOTED_INCLUDE_IN_FRAMEWORK_HEADER = YES;
				CLANG_WARN_RANGE_LOOP_ANALYSIS = YES;
				CLANG_WARN_STRICT_PROTOTYPES = YES;
				CLANG_WARN_SUSPICIOUS_MOVE = YES;
				CLANG_WARN_UNGUARDED_AVAILABILITY = YES_AGGRESSIVE;
				CLANG_WARN_UNREACHABLE_CODE = YES;
				CLANG_WARN__DUPLICATE_METHOD_MATCH = YES;
				COPY_PHASE_STRIP = NO;
				DEBUG_INFORMATION_FORMAT = dwarf;
				ENABLE_STRICT_OBJC_MSGSEND = YES;
				ENABLE_TESTABILITY = YES;
				GCC_C_LANGUAGE_STANDARD = gnu11;
				GCC_DYNAMIC_NO_PIC = NO;
				GCC_NO_COMMON_BLOCKS = YES;
				GCC_OPTIMIZATION_LEVEL = 0;
				GCC_PREPROCESSOR_DEFINITIONS = (
					"DEBUG=1",
					"$(inherited)",
				);
				GCC_WARN_64_TO_32_BIT_CONVERSION = YES;
				GCC_WARN_ABOUT_RETURN_TYPE = YES_ERROR;
				GCC_WARN_UNDECLARED_SELECTOR = YES;
				GCC_WARN_UNINITIALIZED_AUTOS = YES_AGGRESSIVE;
				GCC_WARN_UNUSED_FUNCTION = YES;
				GCC_WARN_UNUSED_VARIABLE = YES;
				IPHONEOS_DEPLOYMENT_TARGET = 10.0;
				MTL_ENABLE_DEBUG_INFO = INCLUDE_SOURCE;
				MTL_FAST_MATH = YES;
				ONLY_ACTIVE_ARCH = YES;
				SDKROOT = iphoneos;
				SWIFT_ACTIVE_COMPILATION_CONDITIONS = DEBUG;
				SWIFT_OPTIMIZATION_LEVEL = "-Onone";
			};
			name = Debug;
		};
		C542E8C927C00454009B84C1 /* Release */ = {
			isa = XCBuildConfiguration;
			buildSettings = {
				ALWAYS_SEARCH_USER_PATHS = NO;
				CLANG_ANALYZER_NONNULL = YES;
				CLANG_ANALYZER_NUMBER_OBJECT_CONVERSION = YES_AGGRESSIVE;
				CLANG_CXX_LANGUAGE_STANDARD = "gnu++17";
				CLANG_CXX_LIBRARY = "libc++";
				CLANG_ENABLE_MODULES = YES;
				CLANG_ENABLE_OBJC_ARC = YES;
				CLANG_ENABLE_OBJC_WEAK = YES;
				CLANG_WARN_BLOCK_CAPTURE_AUTORELEASING = YES;
				CLANG_WARN_BOOL_CONVERSION = YES;
				CLANG_WARN_COMMA = YES;
				CLANG_WARN_CONSTANT_CONVERSION = YES;
				CLANG_WARN_DEPRECATED_OBJC_IMPLEMENTATIONS = YES;
				CLANG_WARN_DIRECT_OBJC_ISA_USAGE = YES_ERROR;
				CLANG_WARN_DOCUMENTATION_COMMENTS = YES;
				CLANG_WARN_EMPTY_BODY = YES;
				CLANG_WARN_ENUM_CONVERSION = YES;
				CLANG_WARN_INFINITE_RECURSION = YES;
				CLANG_WARN_INT_CONVERSION = YES;
				CLANG_WARN_NON_LITERAL_NULL_CONVERSION = YES;
				CLANG_WARN_OBJC_IMPLICIT_RETAIN_SELF = YES;
				CLANG_WARN_OBJC_LITERAL_CONVERSION = YES;
				CLANG_WARN_OBJC_ROOT_CLASS = YES_ERROR;
				CLANG_WARN_QUOTED_INCLUDE_IN_FRAMEWORK_HEADER = YES;
				CLANG_WARN_RANGE_LOOP_ANALYSIS = YES;
				CLANG_WARN_STRICT_PROTOTYPES = YES;
				CLANG_WARN_SUSPICIOUS_MOVE = YES;
				CLANG_WARN_UNGUARDED_AVAILABILITY = YES_AGGRESSIVE;
				CLANG_WARN_UNREACHABLE_CODE = YES;
				CLANG_WARN__DUPLICATE_METHOD_MATCH = YES;
				COPY_PHASE_STRIP = NO;
				DEBUG_INFORMATION_FORMAT = "dwarf-with-dsym";
				ENABLE_NS_ASSERTIONS = NO;
				ENABLE_STRICT_OBJC_MSGSEND = YES;
				GCC_C_LANGUAGE_STANDARD = gnu11;
				GCC_NO_COMMON_BLOCKS = YES;
				GCC_WARN_64_TO_32_BIT_CONVERSION = YES;
				GCC_WARN_ABOUT_RETURN_TYPE = YES_ERROR;
				GCC_WARN_UNDECLARED_SELECTOR = YES;
				GCC_WARN_UNINITIALIZED_AUTOS = YES_AGGRESSIVE;
				GCC_WARN_UNUSED_FUNCTION = YES;
				GCC_WARN_UNUSED_VARIABLE = YES;
				IPHONEOS_DEPLOYMENT_TARGET = 10.0;
				MTL_ENABLE_DEBUG_INFO = NO;
				MTL_FAST_MATH = YES;
				SDKROOT = iphoneos;
				SWIFT_COMPILATION_MODE = wholemodule;
				SWIFT_OPTIMIZATION_LEVEL = "-O";
				VALIDATE_PRODUCT = YES;
			};
			name = Release;
		};
		C542E8CB27C00454009B84C1 /* Debug */ = {
			isa = XCBuildConfiguration;
			baseConfigurationReference = 2C4E7557FB07CD6BFAA7B7A3 /* Pods-Stance.debug.xcconfig */;
			buildSettings = {
				ASSETCATALOG_COMPILER_APPICON_NAME = AppIcon;
				ASSETCATALOG_COMPILER_GLOBAL_ACCENT_COLOR_NAME = AccentColor;
				CODE_SIGN_STYLE = Automatic;
				CURRENT_PROJECT_VERSION = 1;
				DEVELOPMENT_TEAM = RDRMVW96A6;
				GENERATE_INFOPLIST_FILE = YES;
				INFOPLIST_FILE = Stance/Info.plist;
				INFOPLIST_KEY_UIApplicationSupportsIndirectInputEvents = YES;
				INFOPLIST_KEY_UILaunchStoryboardName = LaunchScreen;
				INFOPLIST_KEY_UIMainStoryboardFile = Main;
				INFOPLIST_KEY_UISupportedInterfaceOrientations = UIInterfaceOrientationPortrait;
				INFOPLIST_KEY_UISupportedInterfaceOrientations_iPad = "UIInterfaceOrientationPortrait UIInterfaceOrientationPortraitUpsideDown UIInterfaceOrientationLandscapeLeft UIInterfaceOrientationLandscapeRight";
				INFOPLIST_KEY_UISupportedInterfaceOrientations_iPhone = "UIInterfaceOrientationPortrait UIInterfaceOrientationLandscapeLeft UIInterfaceOrientationLandscapeRight";
				INFOPLIST_KEY_UIUserInterfaceStyle = Light;
				IPHONEOS_DEPLOYMENT_TARGET = 10.0;
				LD_RUNPATH_SEARCH_PATHS = (
					"$(inherited)",
					"@executable_path/Frameworks",
				);
				MARKETING_VERSION = 1.0;
				PRODUCT_BUNDLE_IDENTIFIER = com.sevensages.Stance;
				PRODUCT_NAME = "$(TARGET_NAME)";
				SWIFT_EMIT_LOC_STRINGS = YES;
				SWIFT_VERSION = 5.0;
				TARGETED_DEVICE_FAMILY = 1;
			};
			name = Debug;
		};
		C542E8CC27C00454009B84C1 /* Release */ = {
			isa = XCBuildConfiguration;
			baseConfigurationReference = 2DA86306AD50D7DB425EA00E /* Pods-Stance.release.xcconfig */;
			buildSettings = {
				ASSETCATALOG_COMPILER_APPICON_NAME = AppIcon;
				ASSETCATALOG_COMPILER_GLOBAL_ACCENT_COLOR_NAME = AccentColor;
				CODE_SIGN_STYLE = Automatic;
				CURRENT_PROJECT_VERSION = 1;
				DEVELOPMENT_TEAM = RDRMVW96A6;
				GENERATE_INFOPLIST_FILE = YES;
				INFOPLIST_FILE = Stance/Info.plist;
				INFOPLIST_KEY_UIApplicationSupportsIndirectInputEvents = YES;
				INFOPLIST_KEY_UILaunchStoryboardName = LaunchScreen;
				INFOPLIST_KEY_UIMainStoryboardFile = Main;
				INFOPLIST_KEY_UISupportedInterfaceOrientations = UIInterfaceOrientationPortrait;
				INFOPLIST_KEY_UISupportedInterfaceOrientations_iPad = "UIInterfaceOrientationPortrait UIInterfaceOrientationPortraitUpsideDown UIInterfaceOrientationLandscapeLeft UIInterfaceOrientationLandscapeRight";
				INFOPLIST_KEY_UISupportedInterfaceOrientations_iPhone = "UIInterfaceOrientationPortrait UIInterfaceOrientationLandscapeLeft UIInterfaceOrientationLandscapeRight";
				INFOPLIST_KEY_UIUserInterfaceStyle = Light;
				IPHONEOS_DEPLOYMENT_TARGET = 10.0;
				LD_RUNPATH_SEARCH_PATHS = (
					"$(inherited)",
					"@executable_path/Frameworks",
				);
				MARKETING_VERSION = 1.0;
				PRODUCT_BUNDLE_IDENTIFIER = com.sevensages.Stance;
				PRODUCT_NAME = "$(TARGET_NAME)";
				SWIFT_EMIT_LOC_STRINGS = YES;
				SWIFT_VERSION = 5.0;
				TARGETED_DEVICE_FAMILY = 1;
			};
			name = Release;
		};
		C542E8CE27C00454009B84C1 /* Debug */ = {
			isa = XCBuildConfiguration;
			baseConfigurationReference = 6569E3F3C527B56959E6FBA1 /* Pods-StanceTests.debug.xcconfig */;
			buildSettings = {
				ALWAYS_EMBED_SWIFT_STANDARD_LIBRARIES = YES;
				BUNDLE_LOADER = "$(TEST_HOST)";
				CODE_SIGN_STYLE = Automatic;
				CURRENT_PROJECT_VERSION = 1;
				DEVELOPMENT_TEAM = RDRMVW96A6;
				GENERATE_INFOPLIST_FILE = YES;
				IPHONEOS_DEPLOYMENT_TARGET = 15.2;
				MARKETING_VERSION = 1.0;
				PRODUCT_BUNDLE_IDENTIFIER = com.sevensages.StanceTests;
				PRODUCT_NAME = "$(TARGET_NAME)";
				SWIFT_EMIT_LOC_STRINGS = NO;
				SWIFT_VERSION = 5.0;
				TARGETED_DEVICE_FAMILY = "1,2";
				TEST_HOST = "$(BUILT_PRODUCTS_DIR)/Stance.app/Stance";
			};
			name = Debug;
		};
		C542E8CF27C00454009B84C1 /* Release */ = {
			isa = XCBuildConfiguration;
			baseConfigurationReference = 2B00B67B9A5B5BD9237AF387 /* Pods-StanceTests.release.xcconfig */;
			buildSettings = {
				ALWAYS_EMBED_SWIFT_STANDARD_LIBRARIES = YES;
				BUNDLE_LOADER = "$(TEST_HOST)";
				CODE_SIGN_STYLE = Automatic;
				CURRENT_PROJECT_VERSION = 1;
				DEVELOPMENT_TEAM = RDRMVW96A6;
				GENERATE_INFOPLIST_FILE = YES;
				IPHONEOS_DEPLOYMENT_TARGET = 15.2;
				MARKETING_VERSION = 1.0;
				PRODUCT_BUNDLE_IDENTIFIER = com.sevensages.StanceTests;
				PRODUCT_NAME = "$(TARGET_NAME)";
				SWIFT_EMIT_LOC_STRINGS = NO;
				SWIFT_VERSION = 5.0;
				TARGETED_DEVICE_FAMILY = "1,2";
				TEST_HOST = "$(BUILT_PRODUCTS_DIR)/Stance.app/Stance";
			};
			name = Release;
		};
		C542E8D127C00454009B84C1 /* Debug */ = {
			isa = XCBuildConfiguration;
			baseConfigurationReference = 6AE4D339194472C808533521 /* Pods-Stance-StanceUITests.debug.xcconfig */;
			buildSettings = {
				ALWAYS_EMBED_SWIFT_STANDARD_LIBRARIES = YES;
				CODE_SIGN_STYLE = Automatic;
				CURRENT_PROJECT_VERSION = 1;
				DEVELOPMENT_TEAM = RDRMVW96A6;
				GENERATE_INFOPLIST_FILE = YES;
				MARKETING_VERSION = 1.0;
				PRODUCT_BUNDLE_IDENTIFIER = com.sevensages.StanceUITests;
				PRODUCT_NAME = "$(TARGET_NAME)";
				SWIFT_EMIT_LOC_STRINGS = NO;
				SWIFT_VERSION = 5.0;
				TARGETED_DEVICE_FAMILY = "1,2";
				TEST_TARGET_NAME = Stance;
			};
			name = Debug;
		};
		C542E8D227C00454009B84C1 /* Release */ = {
			isa = XCBuildConfiguration;
			baseConfigurationReference = 6A23D7A0C0C49AB135C846DF /* Pods-Stance-StanceUITests.release.xcconfig */;
			buildSettings = {
				ALWAYS_EMBED_SWIFT_STANDARD_LIBRARIES = YES;
				CODE_SIGN_STYLE = Automatic;
				CURRENT_PROJECT_VERSION = 1;
				DEVELOPMENT_TEAM = RDRMVW96A6;
				GENERATE_INFOPLIST_FILE = YES;
				MARKETING_VERSION = 1.0;
				PRODUCT_BUNDLE_IDENTIFIER = com.sevensages.StanceUITests;
				PRODUCT_NAME = "$(TARGET_NAME)";
				SWIFT_EMIT_LOC_STRINGS = NO;
				SWIFT_VERSION = 5.0;
				TARGETED_DEVICE_FAMILY = "1,2";
				TEST_TARGET_NAME = Stance;
			};
			name = Release;
		};
/* End XCBuildConfiguration section */

/* Begin XCConfigurationList section */
		C542E89B27C0044F009B84C1 /* Build configuration list for PBXProject "Stance" */ = {
			isa = XCConfigurationList;
			buildConfigurations = (
				C542E8C827C00454009B84C1 /* Debug */,
				C542E8C927C00454009B84C1 /* Release */,
			);
			defaultConfigurationIsVisible = 0;
			defaultConfigurationName = Release;
		};
		C542E8CA27C00454009B84C1 /* Build configuration list for PBXNativeTarget "Stance" */ = {
			isa = XCConfigurationList;
			buildConfigurations = (
				C542E8CB27C00454009B84C1 /* Debug */,
				C542E8CC27C00454009B84C1 /* Release */,
			);
			defaultConfigurationIsVisible = 0;
			defaultConfigurationName = Release;
		};
		C542E8CD27C00454009B84C1 /* Build configuration list for PBXNativeTarget "StanceTests" */ = {
			isa = XCConfigurationList;
			buildConfigurations = (
				C542E8CE27C00454009B84C1 /* Debug */,
				C542E8CF27C00454009B84C1 /* Release */,
			);
			defaultConfigurationIsVisible = 0;
			defaultConfigurationName = Release;
		};
		C542E8D027C00454009B84C1 /* Build configuration list for PBXNativeTarget "StanceUITests" */ = {
			isa = XCConfigurationList;
			buildConfigurations = (
				C542E8D127C00454009B84C1 /* Debug */,
				C542E8D227C00454009B84C1 /* Release */,
			);
			defaultConfigurationIsVisible = 0;
			defaultConfigurationName = Release;
		};
/* End XCConfigurationList section */

/* Begin XCRemoteSwiftPackageReference section */
		C51FD17A27C15514007F4899 /* XCRemoteSwiftPackageReference "SASIBViews" */ = {
			isa = XCRemoteSwiftPackageReference;
			repositoryURL = "https://github.com/AnupSukumaran/SASIBViews.git";
			requirement = {
				branch = master;
				kind = branch;
			};
		};
		C530D30E27C8363D002FE35F /* XCRemoteSwiftPackageReference "SASCustomAlert" */ = {
			isa = XCRemoteSwiftPackageReference;
			repositoryURL = "https://github.com/AnupSukumaran/SASCustomAlert.git";
			requirement = {
				branch = master;
				kind = branch;
			};
		};
		C530D31127C83723002FE35F /* XCRemoteSwiftPackageReference "SASKeyboardPack" */ = {
			isa = XCRemoteSwiftPackageReference;
			repositoryURL = "https://github.com/AnupSukumaran/SASKeyboardPack.git";
			requirement = {
				branch = master;
				kind = branch;
			};
		};
/* End XCRemoteSwiftPackageReference section */

/* Begin XCSwiftPackageProductDependency section */
		C530D30F27C8363D002FE35F /* SASCustomAlert */ = {
			isa = XCSwiftPackageProductDependency;
			package = C530D30E27C8363D002FE35F /* XCRemoteSwiftPackageReference "SASCustomAlert" */;
			productName = SASCustomAlert;
		};
		C530D31227C83723002FE35F /* SASKeyboardPack */ = {
			isa = XCSwiftPackageProductDependency;
			package = C530D31127C83723002FE35F /* XCRemoteSwiftPackageReference "SASKeyboardPack" */;
			productName = SASKeyboardPack;
		};
/* End XCSwiftPackageProductDependency section */
	};
	rootObject = C542E89827C0044F009B84C1 /* Project object */;
}
